{
  "name": "app",
  "lockfileVersion": 3,
  "requires": true,
  "packages": {
    "": {
      "devDependencies": {
        "daisyui": "^5.0.3",
        "tailwindcss": "^4.0.14"
      }
    },
    "node_modules/daisyui": {
      "version": "5.0.3",
      "resolved": "https://registry.npmjs.org/daisyui/-/daisyui-5.0.3.tgz",
      "integrity": "sha512-27dou80uFNgxVcmQNzS8QFBoE1/01u7N0smdGqA2pHbaRPTFoHdJfXNzilpvt/0jAVu8cMEhrVPoYxpdxLwumA==",
      "dev": true,
      "license": "MIT",
      "funding": {
        "url": "https://github.com/saadeghi/daisyui?sponsor=1"
      }
    },
    "node_modules/tailwindcss": {
      "version": "4.0.14",
      "resolved": "https://registry.npmjs.org/tailwindcss/-/tailwindcss-4.0.14.tgz",
      "integrity": "sha512-92YT2dpt671tFiHH/e1ok9D987N9fHD5VWoly1CdPD/Cd1HMglvZwP3nx2yTj2lbXDAHt8QssZkxTLCCTNL+xw==",
      "dev": true,
      "license": "MIT"
    }
  }
}
